
Microsoft Visual Studio Solution File, Format Version 12.00
# Visual Studio 15
VisualStudioVersion = 15.0.28307.329
MinimumVisualStudioVersion = 10.0.40219.1
Project("{FAE04EC0-301F-11D3-BF4B-00C04F79EFBC}") = "A8 - ARREGLO NUMEROS", "A8 - ARREGLO NUMEROS\A8 - ARREGLO NUMEROS.csproj", "{B73F3010-CA84-4702-9CF8-87F606DA7001}"
EndProject
Global
	GlobalSection(SolutionConfigurationPlatforms) = preSolution
		Debug|Any CPU = Debug|Any CPU
		Release|Any CPU = Release|Any CPU
	EndGlobalSection
	GlobalSection(ProjectConfigurationPlatforms) = postSolution
		{B73F3010-CA84-4702-9CF8-87F606DA7001}.Debug|Any CPU.ActiveCfg = Debug|Any CPU
		{B73F3010-CA84-4702-9CF8-87F606DA7001}.Debug|Any CPU.Build.0 = Debug|Any CPU
		{B73F3010-CA84-4702-9CF8-87F606DA7001}.Release|Any CPU.ActiveCfg = Release|Any CPU
		{B73F3010-CA84-4702-9CF8-87F606DA7001}.Release|Any CPU.Build.0 = Release|Any CPU
	EndGlobalSection
	GlobalSection(SolutionProperties) = preSolution
		HideSolutionNode = FALSE
	EndGlobalSection
	GlobalSection(ExtensibilityGlobals) = postSolution
		SolutionGuid = {AB8BFFCB-65D4-4F7B-BB1B-F4D1747C16A0}
	EndGlobalSection
EndGlobal
