
Microsoft Visual Studio Solution File, Format Version 12.00
# Visual Studio 15
VisualStudioVersion = 15.0.28307.329
MinimumVisualStudioVersion = 10.0.40219.1
Project("{FAE04EC0-301F-11D3-BF4B-00C04F79EFBC}") = "A6 - GEOMETRÍA", "A6 - GEOMETRÍA\A6 - GEOMETRÍA.csproj", "{AD9894D1-FEF5-4367-9107-E312E9C3FD14}"
EndProject
Global
	GlobalSection(SolutionConfigurationPlatforms) = preSolution
		Debug|Any CPU = Debug|Any CPU
		Release|Any CPU = Release|Any CPU
	EndGlobalSection
	GlobalSection(ProjectConfigurationPlatforms) = postSolution
		{AD9894D1-FEF5-4367-9107-E312E9C3FD14}.Debug|Any CPU.ActiveCfg = Debug|Any CPU
		{AD9894D1-FEF5-4367-9107-E312E9C3FD14}.Debug|Any CPU.Build.0 = Debug|Any CPU
		{AD9894D1-FEF5-4367-9107-E312E9C3FD14}.Release|Any CPU.ActiveCfg = Release|Any CPU
		{AD9894D1-FEF5-4367-9107-E312E9C3FD14}.Release|Any CPU.Build.0 = Release|Any CPU
	EndGlobalSection
	GlobalSection(SolutionProperties) = preSolution
		HideSolutionNode = FALSE
	EndGlobalSection
	GlobalSection(ExtensibilityGlobals) = postSolution
		SolutionGuid = {85B8E6F8-6C4C-474D-A5A4-C39E1D0A55FF}
	EndGlobalSection
EndGlobal
